// !$*UTF8*$!
{
	archiveVersion = 1;
	classes = {
	};
	objectVersion = 46;
	objects = {

/* Begin PBXBuildFile section */
		1F2C35201C57AC700025B054 /* AppDelegate.swift in Sources */ = {isa = PBXBuildFile; fileRef = 1F2C351F1C57AC700025B054 /* AppDelegate.swift */; };
		1F2C35221C57AC700025B054 /* Assets.xcassets in Resources */ = {isa = PBXBuildFile; fileRef = 1F2C35211C57AC700025B054 /* Assets.xcassets */; };
		1F2C35251C57AC700025B054 /* MainMenu.xib in Resources */ = {isa = PBXBuildFile; fileRef = 1F2C35231C57AC700025B054 /* MainMenu.xib */; };
		1F2C35301C57AC710025B054 /* Author3Tests.swift in Sources */ = {isa = PBXBuildFile; fileRef = 1F2C352F1C57AC710025B054 /* Author3Tests.swift */; };
		1F2C35621C57AF490025B054 /* main.m in Sources */ = {isa = PBXBuildFile; fileRef = 1F2C35611C57AF490025B054 /* main.m */; };
		1F2C35671C57B0120025B054 /* net.caddr.Author3Helper in CopyFiles */ = {isa = PBXBuildFile; fileRef = 1F2C355F1C57AF490025B054 /* net.caddr.Author3Helper */; };
		1F9F151B1C639FA80019438C /* AuthorHelper.m in Sources */ = {isa = PBXBuildFile; fileRef = 1F9F151A1C639FA80019438C /* AuthorHelper.m */; };
/* End PBXBuildFile section */

/* Begin PBXContainerItemProxy section */
		1F2C352C1C57AC700025B054 /* PBXContainerItemProxy */ = {
			isa = PBXContainerItemProxy;
			containerPortal = 1F2C35141C57AC700025B054 /* Project object */;
			proxyType = 1;
			remoteGlobalIDString = 1F2C351B1C57AC700025B054;
			remoteInfo = Author3;
		};
		1F2C35681C57B05E0025B054 /* PBXContainerItemProxy */ = {
			isa = PBXContainerItemProxy;
			containerPortal = 1F2C35141C57AC700025B054 /* Project object */;
			proxyType = 1;
			remoteGlobalIDString = 1F2C355E1C57AF490025B054;
			remoteInfo = net.caddr.Author3Helper;
		};
/* End PBXContainerItemProxy section */

/* Begin PBXCopyFilesBuildPhase section */
		1F2C355D1C57AF490025B054 /* CopyFiles */ = {
			isa = PBXCopyFilesBuildPhase;
			buildActionMask = 2147483647;
			dstPath = /usr/share/man/man1/;
			dstSubfolderSpec = 0;
			files = (
			);
			runOnlyForDeploymentPostprocessing = 1;
		};
		1F2C35661C57AF820025B054 /* CopyFiles */ = {
			isa = PBXCopyFilesBuildPhase;
			buildActionMask = 2147483647;
			dstPath = Contents/Library/LaunchServices;
			dstSubfolderSpec = 1;
			files = (
				1F2C35671C57B0120025B054 /* net.caddr.Author3Helper in CopyFiles */,
			);
			runOnlyForDeploymentPostprocessing = 0;
		};
/* End PBXCopyFilesBuildPhase section */

/* Begin PBXFileReference section */
		1F2C351C1C57AC700025B054 /* Author3.app */ = {isa = PBXFileReference; explicitFileType = wrapper.application; includeInIndex = 0; path = Author3.app; sourceTree = BUILT_PRODUCTS_DIR; };
		1F2C351F1C57AC700025B054 /* AppDelegate.swift */ = {isa = PBXFileReference; lastKnownFileType = sourcecode.swift; path = AppDelegate.swift; sourceTree = "<group>"; };
		1F2C35211C57AC700025B054 /* Assets.xcassets */ = {isa = PBXFileReference; lastKnownFileType = folder.assetcatalog; path = Assets.xcassets; sourceTree = "<group>"; };
		1F2C35241C57AC700025B054 /* Base */ = {isa = PBXFileReference; lastKnownFileType = file.xib; name = Base; path = Base.lproj/MainMenu.xib; sourceTree = "<group>"; };
		1F2C35261C57AC700025B054 /* Info.plist */ = {isa = PBXFileReference; lastKnownFileType = text.plist.xml; path = Info.plist; sourceTree = "<group>"; };
		1F2C352B1C57AC700025B054 /* Author3Tests.xctest */ = {isa = PBXFileReference; explicitFileType = wrapper.cfbundle; includeInIndex = 0; path = Author3Tests.xctest; sourceTree = BUILT_PRODUCTS_DIR; };
		1F2C352F1C57AC710025B054 /* Author3Tests.swift */ = {isa = PBXFileReference; lastKnownFileType = sourcecode.swift; path = Author3Tests.swift; sourceTree = "<group>"; };
		1F2C35311C57AC710025B054 /* Info.plist */ = {isa = PBXFileReference; lastKnownFileType = text.plist.xml; path = Info.plist; sourceTree = "<group>"; };
		1F2C355F1C57AF490025B054 /* net.caddr.Author3Helper */ = {isa = PBXFileReference; explicitFileType = "compiled.mach-o.executable"; includeInIndex = 0; path = net.caddr.Author3Helper; sourceTree = BUILT_PRODUCTS_DIR; };
		1F2C35611C57AF490025B054 /* main.m */ = {isa = PBXFileReference; lastKnownFileType = sourcecode.c.objc; path = main.m; sourceTree = "<group>"; };
		1F9F15171C60C71A0019438C /* Info.plist */ = {isa = PBXFileReference; fileEncoding = 4; lastKnownFileType = text.plist.xml; path = Info.plist; sourceTree = "<group>"; };
		1F9F15181C60C8970019438C /* Launchd.plist */ = {isa = PBXFileReference; fileEncoding = 4; lastKnownFileType = text.plist.xml; path = Launchd.plist; sourceTree = "<group>"; };
		1F9F15191C639F5B0019438C /* AuthorHelper.h */ = {isa = PBXFileReference; lastKnownFileType = sourcecode.c.h; path = AuthorHelper.h; sourceTree = "<group>"; };
		1F9F151A1C639FA80019438C /* AuthorHelper.m */ = {isa = PBXFileReference; fileEncoding = 4; lastKnownFileType = sourcecode.c.objc; path = AuthorHelper.m; sourceTree = "<group>"; };
/* End PBXFileReference section */

/* Begin PBXFrameworksBuildPhase section */
		1F2C35191C57AC700025B054 /* Frameworks */ = {
			isa = PBXFrameworksBuildPhase;
			buildActionMask = 2147483647;
			files = (
			);
			runOnlyForDeploymentPostprocessing = 0;
		};
		1F2C35281C57AC700025B054 /* Frameworks */ = {
			isa = PBXFrameworksBuildPhase;
			buildActionMask = 2147483647;
			files = (
			);
			runOnlyForDeploymentPostprocessing = 0;
		};
		1F2C355C1C57AF490025B054 /* Frameworks */ = {
			isa = PBXFrameworksBuildPhase;
			buildActionMask = 2147483647;
			files = (
			);
			runOnlyForDeploymentPostprocessing = 0;
		};
/* End PBXFrameworksBuildPhase section */

/* Begin PBXGroup section */
		1F2C35131C57AC700025B054 = {
			isa = PBXGroup;
			children = (
				1F2C351E1C57AC700025B054 /* Author3 */,
				1F2C352E1C57AC700025B054 /* Author3Tests */,
				1F2C35601C57AF490025B054 /* net.caddr.Author3Helper */,
				1F2C351D1C57AC700025B054 /* Products */,
			);
			sourceTree = "<group>";
		};
		1F2C351D1C57AC700025B054 /* Products */ = {
			isa = PBXGroup;
			children = (
				1F2C351C1C57AC700025B054 /* Author3.app */,
				1F2C352B1C57AC700025B054 /* Author3Tests.xctest */,
				1F2C355F1C57AF490025B054 /* net.caddr.Author3Helper */,
			);
			name = Products;
			sourceTree = "<group>";
		};
		1F2C351E1C57AC700025B054 /* Author3 */ = {
			isa = PBXGroup;
			children = (
				1F2C351F1C57AC700025B054 /* AppDelegate.swift */,
				1F2C35211C57AC700025B054 /* Assets.xcassets */,
				1F2C35231C57AC700025B054 /* MainMenu.xib */,
				1F2C35261C57AC700025B054 /* Info.plist */,
			);
			path = Author3;
			sourceTree = "<group>";
		};
		1F2C352E1C57AC700025B054 /* Author3Tests */ = {
			isa = PBXGroup;
			children = (
				1F2C352F1C57AC710025B054 /* Author3Tests.swift */,
				1F2C35311C57AC710025B054 /* Info.plist */,
			);
			path = Author3Tests;
			sourceTree = "<group>";
		};
		1F2C35601C57AF490025B054 /* net.caddr.Author3Helper */ = {
			isa = PBXGroup;
			children = (
				1F2C35611C57AF490025B054 /* main.m */,
				1F9F151A1C639FA80019438C /* AuthorHelper.m */,
				1F9F15191C639F5B0019438C /* AuthorHelper.h */,
				1F9F15171C60C71A0019438C /* Info.plist */,
				1F9F15181C60C8970019438C /* Launchd.plist */,
			);
			path = net.caddr.Author3Helper;
			sourceTree = "<group>";
		};
/* End PBXGroup section */

/* Begin PBXNativeTarget section */
		1F2C351B1C57AC700025B054 /* Author3 */ = {
			isa = PBXNativeTarget;
			buildConfigurationList = 1F2C35341C57AC710025B054 /* Build configuration list for PBXNativeTarget "Author3" */;
			buildPhases = (
				1F2C35181C57AC700025B054 /* Sources */,
				1F2C35191C57AC700025B054 /* Frameworks */,
				1F2C351A1C57AC700025B054 /* Resources */,
				1F2C35661C57AF820025B054 /* CopyFiles */,
			);
			buildRules = (
			);
			dependencies = (
				1F2C35691C57B05E0025B054 /* PBXTargetDependency */,
			);
			name = Author3;
			productName = Author3;
			productReference = 1F2C351C1C57AC700025B054 /* Author3.app */;
			productType = "com.apple.product-type.application";
		};
		1F2C352A1C57AC700025B054 /* Author3Tests */ = {
			isa = PBXNativeTarget;
			buildConfigurationList = 1F2C35371C57AC710025B054 /* Build configuration list for PBXNativeTarget "Author3Tests" */;
			buildPhases = (
				1F2C35271C57AC700025B054 /* Sources */,
				1F2C35281C57AC700025B054 /* Frameworks */,
				1F2C35291C57AC700025B054 /* Resources */,
			);
			buildRules = (
			);
			dependencies = (
				1F2C352D1C57AC700025B054 /* PBXTargetDependency */,
			);
			name = Author3Tests;
			productName = Author3Tests;
			productReference = 1F2C352B1C57AC700025B054 /* Author3Tests.xctest */;
			productType = "com.apple.product-type.bundle.unit-test";
		};
		1F2C355E1C57AF490025B054 /* net.caddr.Author3Helper */ = {
			isa = PBXNativeTarget;
			buildConfigurationList = 1F2C35651C57AF490025B054 /* Build configuration list for PBXNativeTarget "net.caddr.Author3Helper" */;
			buildPhases = (
				1F2C355B1C57AF490025B054 /* Sources */,
				1F2C355C1C57AF490025B054 /* Frameworks */,
				1F2C355D1C57AF490025B054 /* CopyFiles */,
			);
			buildRules = (
			);
			dependencies = (
			);
			name = net.caddr.Author3Helper;
			productName = net.caddr.Author3Helper;
			productReference = 1F2C355F1C57AF490025B054 /* net.caddr.Author3Helper */;
			productType = "com.apple.product-type.tool";
		};
/* End PBXNativeTarget section */

/* Begin PBXProject section */
		1F2C35141C57AC700025B054 /* Project object */ = {
			isa = PBXProject;
			attributes = {
				LastSwiftUpdateCheck = 0720;
				LastUpgradeCheck = 0720;
				ORGANIZATIONNAME = "Tomoyuki Sahara";
				TargetAttributes = {
					1F2C351B1C57AC700025B054 = {
						CreatedOnToolsVersion = 7.2;
					};
					1F2C352A1C57AC700025B054 = {
						CreatedOnToolsVersion = 7.2;
						TestTargetID = 1F2C351B1C57AC700025B054;
					};
					1F2C355E1C57AF490025B054 = {
						CreatedOnToolsVersion = 7.2;
					};
				};
			};
			buildConfigurationList = 1F2C35171C57AC700025B054 /* Build configuration list for PBXProject "Author3" */;
			compatibilityVersion = "Xcode 3.2";
			developmentRegion = English;
			hasScannedForEncodings = 0;
			knownRegions = (
				en,
				Base,
			);
			mainGroup = 1F2C35131C57AC700025B054;
			productRefGroup = 1F2C351D1C57AC700025B054 /* Products */;
			projectDirPath = "";
			projectRoot = "";
			targets = (
				1F2C351B1C57AC700025B054 /* Author3 */,
				1F2C352A1C57AC700025B054 /* Author3Tests */,
				1F2C355E1C57AF490025B054 /* net.caddr.Author3Helper */,
			);
		};
/* End PBXProject section */

/* Begin PBXResourcesBuildPhase section */
		1F2C351A1C57AC700025B054 /* Resources */ = {
			isa = PBXResourcesBuildPhase;
			buildActionMask = 2147483647;
			files = (
				1F2C35221C57AC700025B054 /* Assets.xcassets in Resources */,
				1F2C35251C57AC700025B054 /* MainMenu.xib in Resources */,
			);
			runOnlyForDeploymentPostprocessing = 0;
		};
		1F2C35291C57AC700025B054 /* Resources */ = {
			isa = PBXResourcesBuildPhase;
			buildActionMask = 2147483647;
			files = (
			);
			runOnlyForDeploymentPostprocessing = 0;
		};
/* End PBXResourcesBuildPhase section */

/* Begin PBXSourcesBuildPhase section */
		1F2C35181C57AC700025B054 /* Sources */ = {
			isa = PBXSourcesBuildPhase;
			buildActionMask = 2147483647;
			files = (
				1F2C35201C57AC700025B054 /* AppDelegate.swift in Sources */,
			);
			runOnlyForDeploymentPostprocessing = 0;
		};
		1F2C35271C57AC700025B054 /* Sources */ = {
			isa = PBXSourcesBuildPhase;
			buildActionMask = 2147483647;
			files = (
				1F2C35301C57AC710025B054 /* Author3Tests.swift in Sources */,
			);
			runOnlyForDeploymentPostprocessing = 0;
		};
		1F2C355B1C57AF490025B054 /* Sources */ = {
			isa = PBXSourcesBuildPhase;
			buildActionMask = 2147483647;
			files = (
				1F9F151B1C639FA80019438C /* AuthorHelper.m in Sources */,
				1F2C35621C57AF490025B054 /* main.m in Sources */,
			);
			runOnlyForDeploymentPostprocessing = 0;
		};
/* End PBXSourcesBuildPhase section */

/* Begin PBXTargetDependency section */
		1F2C352D1C57AC700025B054 /* PBXTargetDependency */ = {
			isa = PBXTargetDependency;
			target = 1F2C351B1C57AC700025B054 /* Author3 */;
			targetProxy = 1F2C352C1C57AC700025B054 /* PBXContainerItemProxy */;
		};
		1F2C35691C57B05E0025B054 /* PBXTargetDependency */ = {
			isa = PBXTargetDependency;
			target = 1F2C355E1C57AF490025B054 /* net.caddr.Author3Helper */;
			targetProxy = 1F2C35681C57B05E0025B054 /* PBXContainerItemProxy */;
		};
/* End PBXTargetDependency section */

/* Begin PBXVariantGroup section */
		1F2C35231C57AC700025B054 /* MainMenu.xib */ = {
			isa = PBXVariantGroup;
			children = (
				1F2C35241C57AC700025B054 /* Base */,
			);
			name = MainMenu.xib;
			sourceTree = "<group>";
		};
/* End PBXVariantGroup section */

/* Begin XCBuildConfiguration section */
		1F2C35321C57AC710025B054 /* Debug */ = {
			isa = XCBuildConfiguration;
			buildSettings = {
				ALWAYS_SEARCH_USER_PATHS = NO;
				CLANG_CXX_LANGUAGE_STANDARD = "gnu++0x";
				CLANG_CXX_LIBRARY = "libc++";
				CLANG_ENABLE_MODULES = YES;
				CLANG_ENABLE_OBJC_ARC = YES;
				CLANG_WARN_BOOL_CONVERSION = YES;
				CLANG_WARN_CONSTANT_CONVERSION = YES;
				CLANG_WARN_DIRECT_OBJC_ISA_USAGE = YES_ERROR;
				CLANG_WARN_EMPTY_BODY = YES;
				CLANG_WARN_ENUM_CONVERSION = YES;
				CLANG_WARN_INT_CONVERSION = YES;
				CLANG_WARN_OBJC_ROOT_CLASS = YES_ERROR;
				CLANG_WARN_UNREACHABLE_CODE = YES;
				CLANG_WARN__DUPLICATE_METHOD_MATCH = YES;
				CODE_SIGN_IDENTITY = "-";
				COPY_PHASE_STRIP = NO;
				DEBUG_INFORMATION_FORMAT = dwarf;
				ENABLE_STRICT_OBJC_MSGSEND = YES;
				ENABLE_TESTABILITY = YES;
				GCC_C_LANGUAGE_STANDARD = gnu99;
				GCC_DYNAMIC_NO_PIC = NO;
				GCC_NO_COMMON_BLOCKS = YES;
				GCC_OPTIMIZATION_LEVEL = 0;
				GCC_PREPROCESSOR_DEFINITIONS = (
					"DEBUG=1",
					"$(inherited)",
				);
				GCC_WARN_64_TO_32_BIT_CONVERSION = YES;
				GCC_WARN_ABOUT_RETURN_TYPE = YES_ERROR;
				GCC_WARN_UNDECLARED_SELECTOR = YES;
				GCC_WARN_UNINITIALIZED_AUTOS = YES_AGGRESSIVE;
				GCC_WARN_UNUSED_FUNCTION = YES;
				GCC_WARN_UNUSED_VARIABLE = YES;
				MACOSX_DEPLOYMENT_TARGET = 10.11;
				MTL_ENABLE_DEBUG_INFO = YES;
				ONLY_ACTIVE_ARCH = YES;
				SDKROOT = macosx;
				SWIFT_OPTIMIZATION_LEVEL = "-Onone";
			};
			name = Debug;
		};
		1F2C35331C57AC710025B054 /* Release */ = {
			isa = XCBuildConfiguration;
			buildSettings = {
				ALWAYS_SEARCH_USER_PATHS = NO;
				CLANG_CXX_LANGUAGE_STANDARD = "gnu++0x";
				CLANG_CXX_LIBRARY = "libc++";
				CLANG_ENABLE_MODULES = YES;
				CLANG_ENABLE_OBJC_ARC = YES;
				CLANG_WARN_BOOL_CONVERSION = YES;
				CLANG_WARN_CONSTANT_CONVERSION = YES;
				CLANG_WARN_DIRECT_OBJC_ISA_USAGE = YES_ERROR;
				CLANG_WARN_EMPTY_BODY = YES;
				CLANG_WARN_ENUM_CONVERSION = YES;
				CLANG_WARN_INT_CONVERSION = YES;
				CLANG_WARN_OBJC_ROOT_CLASS = YES_ERROR;
				CLANG_WARN_UNREACHABLE_CODE = YES;
				CLANG_WARN__DUPLICATE_METHOD_MATCH = YES;
				CODE_SIGN_IDENTITY = "-";
				COPY_PHASE_STRIP = NO;
				DEBUG_INFORMATION_FORMAT = "dwarf-with-dsym";
				ENABLE_NS_ASSERTIONS = NO;
				ENABLE_STRICT_OBJC_MSGSEND = YES;
				GCC_C_LANGUAGE_STANDARD = gnu99;
				GCC_NO_COMMON_BLOCKS = YES;
				GCC_WARN_64_TO_32_BIT_CONVERSION = YES;
				GCC_WARN_ABOUT_RETURN_TYPE = YES_ERROR;
				GCC_WARN_UNDECLARED_SELECTOR = YES;
				GCC_WARN_UNINITIALIZED_AUTOS = YES_AGGRESSIVE;
				GCC_WARN_UNUSED_FUNCTION = YES;
				GCC_WARN_UNUSED_VARIABLE = YES;
				MACOSX_DEPLOYMENT_TARGET = 10.11;
				MTL_ENABLE_DEBUG_INFO = NO;
				SDKROOT = macosx;
			};
			name = Release;
		};
		1F2C35351C57AC710025B054 /* Debug */ = {
			isa = XCBuildConfiguration;
			buildSettings = {
				ASSETCATALOG_COMPILER_APPICON_NAME = AppIcon;
				CODE_SIGN_IDENTITY = "Developer ID Application";
				COMBINE_HIDPI_IMAGES = YES;
				INFOPLIST_FILE = Author3/Info.plist;
				LD_RUNPATH_SEARCH_PATHS = "$(inherited) @executable_path/../Frameworks";
				PRODUCT_BUNDLE_IDENTIFIER = net.caddr.Author3;
				PRODUCT_NAME = "$(TARGET_NAME)";
			};
			name = Debug;
		};
		1F2C35361C57AC710025B054 /* Release */ = {
			isa = XCBuildConfiguration;
			buildSettings = {
				ASSETCATALOG_COMPILER_APPICON_NAME = AppIcon;
				CODE_SIGN_IDENTITY = "Developer ID Application";
				COMBINE_HIDPI_IMAGES = YES;
				INFOPLIST_FILE = Author3/Info.plist;
				LD_RUNPATH_SEARCH_PATHS = "$(inherited) @executable_path/../Frameworks";
				PRODUCT_BUNDLE_IDENTIFIER = net.caddr.Author3;
				PRODUCT_NAME = "$(TARGET_NAME)";
			};
			name = Release;
		};
		1F2C35381C57AC710025B054 /* Debug */ = {
			isa = XCBuildConfiguration;
			buildSettings = {
				BUNDLE_LOADER = "$(TEST_HOST)";
				COMBINE_HIDPI_IMAGES = YES;
				INFOPLIST_FILE = Author3Tests/Info.plist;
				LD_RUNPATH_SEARCH_PATHS = "$(inherited) @executable_path/../Frameworks @loader_path/../Frameworks";
				PRODUCT_BUNDLE_IDENTIFIER = net.caddr.Author3Tests;
				PRODUCT_NAME = "$(TARGET_NAME)";
				TEST_HOST = "$(BUILT_PRODUCTS_DIR)/Author3.app/Contents/MacOS/Author3";
			};
			name = Debug;
		};
		1F2C35391C57AC710025B054 /* Release */ = {
			isa = XCBuildConfiguration;
			buildSettings = {
				BUNDLE_LOADER = "$(TEST_HOST)";
				COMBINE_HIDPI_IMAGES = YES;
				INFOPLIST_FILE = Author3Tests/Info.plist;
				LD_RUNPATH_SEARCH_PATHS = "$(inherited) @executable_path/../Frameworks @loader_path/../Frameworks";
				PRODUCT_BUNDLE_IDENTIFIER = net.caddr.Author3Tests;
				PRODUCT_NAME = "$(TARGET_NAME)";
				TEST_HOST = "$(BUILT_PRODUCTS_DIR)/Author3.app/Contents/MacOS/Author3";
			};
			name = Release;
		};
		1F2C35631C57AF490025B054 /* Debug */ = {
			isa = XCBuildConfiguration;
			buildSettings = {
				CODE_SIGN_IDENTITY = "Developer ID Application";
				OTHER_LDFLAGS = (
					"-sectcreate",
					__TEXT,
					__launchd_plist,
					net.caddr.Author3Helper/Launchd.plist,
					"-sectcreate",
					__TEXT,
					__info_plist,
					net.caddr.Author3Helper/Info.plist,
				);
				PRODUCT_NAME = "$(TARGET_NAME)";
			};
			name = Debug;
		};
		1F2C35641C57AF490025B054 /* Release */ = {
			isa = XCBuildConfiguration;
			buildSettings = {
				CODE_SIGN_IDENTITY = "Developer ID Application";
				PRODUCT_NAME = "$(TARGET_NAME)";
			};
			name = Release;
		};
/* End XCBuildConfiguration section */

/* Begin XCConfigurationList section */
		1F2C35171C57AC700025B054 /* Build configuration list for PBXProject "Author3" */ = {
			isa = XCConfigurationList;
			buildConfigurations = (
				1F2C35321C57AC710025B054 /* Debug */,
				1F2C35331C57AC710025B054 /* Release */,
			);
			defaultConfigurationIsVisible = 0;
			defaultConfigurationName = Release;
		};
		1F2C35341C57AC710025B054 /* Build configuration list for PBXNativeTarget "Author3" */ = {
			isa = XCConfigurationList;
			buildConfigurations = (
				1F2C35351C57AC710025B054 /* Debug */,
				1F2C35361C57AC710025B054 /* Release */,
			);
			defaultConfigurationIsVisible = 0;
			defaultConfigurationName = Release;
		};
		1F2C35371C57AC710025B054 /* Build configuration list for PBXNativeTarget "Author3Tests" */ = {
			isa = XCConfigurationList;
			buildConfigurations = (
				1F2C35381C57AC710025B054 /* Debug */,
				1F2C35391C57AC710025B054 /* Release */,
			);
			defaultConfigurationIsVisible = 0;
			defaultConfigurationName = Release;
		};
		1F2C35651C57AF490025B054 /* Build configuration list for PBXNativeTarget "net.caddr.Author3Helper" */ = {
			isa = XCConfigurationList;
			buildConfigurations = (
				1F2C35631C57AF490025B054 /* Debug */,
				1F2C35641C57AF490025B054 /* Release */,
			);
			defaultConfigurationIsVisible = 0;
			defaultConfigurationName = Release;
		};
/* End XCConfigurationList section */
	};
	rootObject = 1F2C35141C57AC700025B054 /* Project object */;
}
